
Microsoft Visual Studio Solution File, Format Version 12.00
# Visual Studio Version 16
VisualStudioVersion = 16.0.30523.141
MinimumVisualStudioVersion = 10.0.40219.1
Project("{FAE04EC0-301F-11D3-BF4B-00C04F79EFBC}") = "CSharp", "CSharp.csproj", "{EDF07878-F2FC-467E-892F-3046513791FA}"
EndProject
Project("{FAE04EC0-301F-11D3-BF4B-00C04F79EFBC}") = "CSharpTest", "CSharpTest\CSharpTest.csproj", "{A31768C3-9BD4-43A2-AEDC-44E2513796D9}"
EndProject
Global
	GlobalSection(SolutionConfigurationPlatforms) = preSolution
		Debug|Any CPU = Debug|Any CPU
		Release|Any CPU = Release|Any CPU
	EndGlobalSection
	GlobalSection(ProjectConfigurationPlatforms) = postSolution
		{EDF07878-F2FC-467E-892F-3046513791FA}.Debug|Any CPU.ActiveCfg = Debug|Any CPU
		{EDF07878-F2FC-467E-892F-3046513791FA}.Debug|Any CPU.Build.0 = Debug|Any CPU
		{EDF07878-F2FC-467E-892F-3046513791FA}.Release|Any CPU.ActiveCfg = Release|Any CPU
		{EDF07878-F2FC-467E-892F-3046513791FA}.Release|Any CPU.Build.0 = Release|Any CPU
		{A31768C3-9BD4-43A2-AEDC-44E2513796D9}.Debug|Any CPU.ActiveCfg = Debug|Any CPU
		{A31768C3-9BD4-43A2-AEDC-44E2513796D9}.Debug|Any CPU.Build.0 = Debug|Any CPU
		{A31768C3-9BD4-43A2-AEDC-44E2513796D9}.Release|Any CPU.ActiveCfg = Release|Any CPU
		{A31768C3-9BD4-43A2-AEDC-44E2513796D9}.Release|Any CPU.Build.0 = Release|Any CPU
	EndGlobalSection
	GlobalSection(SolutionProperties) = preSolution
		HideSolutionNode = FALSE
	EndGlobalSection
	GlobalSection(ExtensibilityGlobals) = postSolution
		SolutionGuid = {9B2B867D-6C2D-4FF4-BFFD-A2A7D06FEC92}
	EndGlobalSection
EndGlobal
