
Microsoft Visual Studio Solution File, Format Version 12.00
# Visual Studio Version 16
VisualStudioVersion = 16.0.30523.141
MinimumVisualStudioVersion = 10.0.40219.1
Project("{9A19103F-16F7-4668-BE54-9A1E7A4F7556}") = "CSharp", "CSharp.csproj", "{EDF07878-F2FC-467E-892F-3046513791FA}"
EndProject
Project("{9A19103F-16F7-4668-BE54-9A1E7A4F7556}") = "CSharpTest", "CSharpTest\CSharpTest.csproj", "{A31768C3-9BD4-43A2-AEDC-44E2513796D9}"
EndProject
Project("{9A19103F-16F7-4668-BE54-9A1E7A4F7556}") = "rtc", "Rtc\rtc.csproj", "{C770C11D-86E6-4894-A2AE-D8F55297D395}"
EndProject
Project("{9A19103F-16F7-4668-BE54-9A1E7A4F7556}") = "Circle", "PIT\Circle\Circle.csproj", "{C2C1FD54-8266-4962-BBD3-9055C5BEFD71}"
EndProject
Project("{9A19103F-16F7-4668-BE54-9A1E7A4F7556}") = "clock", "PIT\clock\clock.csproj", "{4A93AA50-51E2-453A-8D91-C2FE549FF66C}"
EndProject
Project("{9A19103F-16F7-4668-BE54-9A1E7A4F7556}") = "Pattern", "PIT\Pattern\Pattern.csproj", "{8423F1F4-2999-455F-B63B-7419832017C3}"
EndProject
Project("{9A19103F-16F7-4668-BE54-9A1E7A4F7556}") = "Plane", "PIT\Plane\Plane.csproj", "{BB31E35A-C398-4CAA-A75D-271A84743F2D}"
EndProject
Project("{9A19103F-16F7-4668-BE54-9A1E7A4F7556}") = "Projectile", "PIT\Projectile\Projectile.csproj", "{5A83A68F-E353-436A-90CA-377866D09714}"
EndProject
Project("{9A19103F-16F7-4668-BE54-9A1E7A4F7556}") = "Scene", "PIT\Scene\Scene.csproj", "{29FAAE5C-5443-418E-87D7-6805DFF43C55}"
EndProject
Project("{9A19103F-16F7-4668-BE54-9A1E7A4F7556}") = "Shadows", "PIT\Shadows\Shadows.csproj", "{8B104CBC-92DA-403C-ADF7-5A071015BDA0}"
EndProject
Project("{9A19103F-16F7-4668-BE54-9A1E7A4F7556}") = "Sphere", "PIT\Sphere\Sphere.csproj", "{AE586783-C8D1-468E-A508-C1457B38AB12}"
EndProject
Project("{2150E333-8FDC-42A3-9474-1A3956D46DE8}") = "PIT", "PIT", "{43FF280C-E3B7-42E1-BCF4-3F10F3D2E6E8}"
EndProject
Project("{9A19103F-16F7-4668-BE54-9A1E7A4F7556}") = "Reflection", "PIT\Reflection\Reflection.csproj", "{5C9DF397-F9E6-458F-B5E7-C2012E6FEAF6}"
EndProject
Project("{9A19103F-16F7-4668-BE54-9A1E7A4F7556}") = "Refraction", "PIT\Refraction\Refraction.csproj", "{B2AF0B08-123F-4AF0-B2BE-4338CBA974F5}"
EndProject
Project("{9A19103F-16F7-4668-BE54-9A1E7A4F7556}") = "Transparency", "PIT\Transparency\Transparency.csproj", "{737B1E2C-70D7-430E-984E-E976704CD922}"
EndProject
Project("{FAE04EC0-301F-11D3-BF4B-00C04F79EFBC}") = "UnderWater", "PIT\UnderWater\UnderWater.csproj", "{6B1E06C1-A8F2-4831-9D77-A528BF1412D6}"
EndProject
Global
	GlobalSection(SolutionConfigurationPlatforms) = preSolution
		Debug|Any CPU = Debug|Any CPU
		Release|Any CPU = Release|Any CPU
	EndGlobalSection
	GlobalSection(ProjectConfigurationPlatforms) = postSolution
		{EDF07878-F2FC-467E-892F-3046513791FA}.Debug|Any CPU.ActiveCfg = Debug|Any CPU
		{EDF07878-F2FC-467E-892F-3046513791FA}.Debug|Any CPU.Build.0 = Debug|Any CPU
		{EDF07878-F2FC-467E-892F-3046513791FA}.Release|Any CPU.ActiveCfg = Release|Any CPU
		{EDF07878-F2FC-467E-892F-3046513791FA}.Release|Any CPU.Build.0 = Release|Any CPU
		{A31768C3-9BD4-43A2-AEDC-44E2513796D9}.Debug|Any CPU.ActiveCfg = Debug|Any CPU
		{A31768C3-9BD4-43A2-AEDC-44E2513796D9}.Debug|Any CPU.Build.0 = Debug|Any CPU
		{A31768C3-9BD4-43A2-AEDC-44E2513796D9}.Release|Any CPU.ActiveCfg = Release|Any CPU
		{A31768C3-9BD4-43A2-AEDC-44E2513796D9}.Release|Any CPU.Build.0 = Release|Any CPU
		{C770C11D-86E6-4894-A2AE-D8F55297D395}.Debug|Any CPU.ActiveCfg = Debug|Any CPU
		{C770C11D-86E6-4894-A2AE-D8F55297D395}.Debug|Any CPU.Build.0 = Debug|Any CPU
		{C770C11D-86E6-4894-A2AE-D8F55297D395}.Release|Any CPU.ActiveCfg = Release|Any CPU
		{C770C11D-86E6-4894-A2AE-D8F55297D395}.Release|Any CPU.Build.0 = Release|Any CPU
		{C2C1FD54-8266-4962-BBD3-9055C5BEFD71}.Debug|Any CPU.ActiveCfg = Debug|Any CPU
		{C2C1FD54-8266-4962-BBD3-9055C5BEFD71}.Debug|Any CPU.Build.0 = Debug|Any CPU
		{C2C1FD54-8266-4962-BBD3-9055C5BEFD71}.Release|Any CPU.ActiveCfg = Release|Any CPU
		{C2C1FD54-8266-4962-BBD3-9055C5BEFD71}.Release|Any CPU.Build.0 = Release|Any CPU
		{4A93AA50-51E2-453A-8D91-C2FE549FF66C}.Debug|Any CPU.ActiveCfg = Debug|Any CPU
		{4A93AA50-51E2-453A-8D91-C2FE549FF66C}.Debug|Any CPU.Build.0 = Debug|Any CPU
		{4A93AA50-51E2-453A-8D91-C2FE549FF66C}.Release|Any CPU.ActiveCfg = Release|Any CPU
		{4A93AA50-51E2-453A-8D91-C2FE549FF66C}.Release|Any CPU.Build.0 = Release|Any CPU
		{8423F1F4-2999-455F-B63B-7419832017C3}.Debug|Any CPU.ActiveCfg = Debug|Any CPU
		{8423F1F4-2999-455F-B63B-7419832017C3}.Debug|Any CPU.Build.0 = Debug|Any CPU
		{8423F1F4-2999-455F-B63B-7419832017C3}.Release|Any CPU.ActiveCfg = Release|Any CPU
		{8423F1F4-2999-455F-B63B-7419832017C3}.Release|Any CPU.Build.0 = Release|Any CPU
		{BB31E35A-C398-4CAA-A75D-271A84743F2D}.Debug|Any CPU.ActiveCfg = Debug|Any CPU
		{BB31E35A-C398-4CAA-A75D-271A84743F2D}.Debug|Any CPU.Build.0 = Debug|Any CPU
		{BB31E35A-C398-4CAA-A75D-271A84743F2D}.Release|Any CPU.ActiveCfg = Release|Any CPU
		{BB31E35A-C398-4CAA-A75D-271A84743F2D}.Release|Any CPU.Build.0 = Release|Any CPU
		{5A83A68F-E353-436A-90CA-377866D09714}.Debug|Any CPU.ActiveCfg = Debug|Any CPU
		{5A83A68F-E353-436A-90CA-377866D09714}.Debug|Any CPU.Build.0 = Debug|Any CPU
		{5A83A68F-E353-436A-90CA-377866D09714}.Release|Any CPU.ActiveCfg = Release|Any CPU
		{5A83A68F-E353-436A-90CA-377866D09714}.Release|Any CPU.Build.0 = Release|Any CPU
		{29FAAE5C-5443-418E-87D7-6805DFF43C55}.Debug|Any CPU.ActiveCfg = Debug|Any CPU
		{29FAAE5C-5443-418E-87D7-6805DFF43C55}.Debug|Any CPU.Build.0 = Debug|Any CPU
		{29FAAE5C-5443-418E-87D7-6805DFF43C55}.Release|Any CPU.ActiveCfg = Release|Any CPU
		{29FAAE5C-5443-418E-87D7-6805DFF43C55}.Release|Any CPU.Build.0 = Release|Any CPU
		{8B104CBC-92DA-403C-ADF7-5A071015BDA0}.Debug|Any CPU.ActiveCfg = Debug|Any CPU
		{8B104CBC-92DA-403C-ADF7-5A071015BDA0}.Debug|Any CPU.Build.0 = Debug|Any CPU
		{8B104CBC-92DA-403C-ADF7-5A071015BDA0}.Release|Any CPU.ActiveCfg = Release|Any CPU
		{8B104CBC-92DA-403C-ADF7-5A071015BDA0}.Release|Any CPU.Build.0 = Release|Any CPU
		{AE586783-C8D1-468E-A508-C1457B38AB12}.Debug|Any CPU.ActiveCfg = Debug|Any CPU
		{AE586783-C8D1-468E-A508-C1457B38AB12}.Debug|Any CPU.Build.0 = Debug|Any CPU
		{AE586783-C8D1-468E-A508-C1457B38AB12}.Release|Any CPU.ActiveCfg = Release|Any CPU
		{AE586783-C8D1-468E-A508-C1457B38AB12}.Release|Any CPU.Build.0 = Release|Any CPU
		{5C9DF397-F9E6-458F-B5E7-C2012E6FEAF6}.Debug|Any CPU.ActiveCfg = Debug|Any CPU
		{5C9DF397-F9E6-458F-B5E7-C2012E6FEAF6}.Debug|Any CPU.Build.0 = Debug|Any CPU
		{5C9DF397-F9E6-458F-B5E7-C2012E6FEAF6}.Release|Any CPU.ActiveCfg = Release|Any CPU
		{5C9DF397-F9E6-458F-B5E7-C2012E6FEAF6}.Release|Any CPU.Build.0 = Release|Any CPU
		{B2AF0B08-123F-4AF0-B2BE-4338CBA974F5}.Debug|Any CPU.ActiveCfg = Debug|Any CPU
		{B2AF0B08-123F-4AF0-B2BE-4338CBA974F5}.Debug|Any CPU.Build.0 = Debug|Any CPU
		{B2AF0B08-123F-4AF0-B2BE-4338CBA974F5}.Release|Any CPU.ActiveCfg = Release|Any CPU
		{B2AF0B08-123F-4AF0-B2BE-4338CBA974F5}.Release|Any CPU.Build.0 = Release|Any CPU
		{737B1E2C-70D7-430E-984E-E976704CD922}.Debug|Any CPU.ActiveCfg = Debug|Any CPU
		{737B1E2C-70D7-430E-984E-E976704CD922}.Debug|Any CPU.Build.0 = Debug|Any CPU
		{737B1E2C-70D7-430E-984E-E976704CD922}.Release|Any CPU.ActiveCfg = Release|Any CPU
		{737B1E2C-70D7-430E-984E-E976704CD922}.Release|Any CPU.Build.0 = Release|Any CPU
		{6B1E06C1-A8F2-4831-9D77-A528BF1412D6}.Debug|Any CPU.ActiveCfg = Debug|Any CPU
		{6B1E06C1-A8F2-4831-9D77-A528BF1412D6}.Debug|Any CPU.Build.0 = Debug|Any CPU
		{6B1E06C1-A8F2-4831-9D77-A528BF1412D6}.Release|Any CPU.ActiveCfg = Release|Any CPU
		{6B1E06C1-A8F2-4831-9D77-A528BF1412D6}.Release|Any CPU.Build.0 = Release|Any CPU
	EndGlobalSection
	GlobalSection(SolutionProperties) = preSolution
		HideSolutionNode = FALSE
	EndGlobalSection
	GlobalSection(NestedProjects) = preSolution
		{C2C1FD54-8266-4962-BBD3-9055C5BEFD71} = {43FF280C-E3B7-42E1-BCF4-3F10F3D2E6E8}
		{4A93AA50-51E2-453A-8D91-C2FE549FF66C} = {43FF280C-E3B7-42E1-BCF4-3F10F3D2E6E8}
		{8423F1F4-2999-455F-B63B-7419832017C3} = {43FF280C-E3B7-42E1-BCF4-3F10F3D2E6E8}
		{BB31E35A-C398-4CAA-A75D-271A84743F2D} = {43FF280C-E3B7-42E1-BCF4-3F10F3D2E6E8}
		{5A83A68F-E353-436A-90CA-377866D09714} = {43FF280C-E3B7-42E1-BCF4-3F10F3D2E6E8}
		{29FAAE5C-5443-418E-87D7-6805DFF43C55} = {43FF280C-E3B7-42E1-BCF4-3F10F3D2E6E8}
		{8B104CBC-92DA-403C-ADF7-5A071015BDA0} = {43FF280C-E3B7-42E1-BCF4-3F10F3D2E6E8}
		{AE586783-C8D1-468E-A508-C1457B38AB12} = {43FF280C-E3B7-42E1-BCF4-3F10F3D2E6E8}
		{5C9DF397-F9E6-458F-B5E7-C2012E6FEAF6} = {43FF280C-E3B7-42E1-BCF4-3F10F3D2E6E8}
		{B2AF0B08-123F-4AF0-B2BE-4338CBA974F5} = {43FF280C-E3B7-42E1-BCF4-3F10F3D2E6E8}
		{737B1E2C-70D7-430E-984E-E976704CD922} = {43FF280C-E3B7-42E1-BCF4-3F10F3D2E6E8}
		{6B1E06C1-A8F2-4831-9D77-A528BF1412D6} = {43FF280C-E3B7-42E1-BCF4-3F10F3D2E6E8}
	EndGlobalSection
	GlobalSection(ExtensibilityGlobals) = postSolution
		SolutionGuid = {9B2B867D-6C2D-4FF4-BFFD-A2A7D06FEC92}
	EndGlobalSection
EndGlobal
